
Microsoft Visual Studio Solution File, Format Version 12.00
# Visual Studio Version 17
VisualStudioVersion = 17.3.32901.215
MinimumVisualStudioVersion = 10.0.40219.1
Project("{FAE04EC0-301F-11D3-BF4B-00C04F79EFBC}") = "cash-flow-balancer-c-sharp", "cash-flow-balancer-c-sharp\cash-flow-balancer-c-sharp.csproj", "{73124872-18AD-4A91-A740-A2589F757F51}"
EndProject
Global
	GlobalSection(SolutionConfigurationPlatforms) = preSolution
		Debug|Any CPU = Debug|Any CPU
		Release|Any CPU = Release|Any CPU
	EndGlobalSection
	GlobalSection(ProjectConfigurationPlatforms) = postSolution
		{73124872-18AD-4A91-A740-A2589F757F51}.Debug|Any CPU.ActiveCfg = Debug|Any CPU
		{73124872-18AD-4A91-A740-A2589F757F51}.Debug|Any CPU.Build.0 = Debug|Any CPU
		{73124872-18AD-4A91-A740-A2589F757F51}.Release|Any CPU.ActiveCfg = Release|Any CPU
		{73124872-18AD-4A91-A740-A2589F757F51}.Release|Any CPU.Build.0 = Release|Any CPU
	EndGlobalSection
	GlobalSection(SolutionProperties) = preSolution
		HideSolutionNode = FALSE
	EndGlobalSection
	GlobalSection(ExtensibilityGlobals) = postSolution
		SolutionGuid = {791B305B-92E1-4E8A-8A57-5910CEBBD7DC}
	EndGlobalSection
EndGlobal
